
Microsoft Visual Studio Solution File, Format Version 12.00
# Visual Studio Version 17
VisualStudioVersion = 17.0.31903.59
MinimumVisualStudioVersion = 10.0.40219.1
Project("{FAE04EC0-301F-11D3-BF4B-00C04F79EFBC}") = "API", "API\API.csproj", "{17D74792-FC14-44FB-B205-0F721D951A28}"
EndProject
Project("{FAE04EC0-301F-11D3-BF4B-00C04F79EFBC}") = "Core", "Core\Core.csproj", "{80DFDBCB-9323-4DA8-ACA1-A63F8E810306}"
EndProject
Project("{FAE04EC0-301F-11D3-BF4B-00C04F79EFBC}") = "Infrastracture", "Infrastracture\Infrastracture.csproj", "{06643FCC-EE58-4628-8698-91DF8F530699}"
EndProject
Global
	GlobalSection(SolutionConfigurationPlatforms) = preSolution
		Debug|Any CPU = Debug|Any CPU
		Release|Any CPU = Release|Any CPU
	EndGlobalSection
	GlobalSection(SolutionProperties) = preSolution
		HideSolutionNode = FALSE
	EndGlobalSection
	GlobalSection(ProjectConfigurationPlatforms) = postSolution
		{17D74792-FC14-44FB-B205-0F721D951A28}.Debug|Any CPU.ActiveCfg = Debug|Any CPU
		{17D74792-FC14-44FB-B205-0F721D951A28}.Debug|Any CPU.Build.0 = Debug|Any CPU
		{17D74792-FC14-44FB-B205-0F721D951A28}.Release|Any CPU.ActiveCfg = Release|Any CPU
		{17D74792-FC14-44FB-B205-0F721D951A28}.Release|Any CPU.Build.0 = Release|Any CPU
		{80DFDBCB-9323-4DA8-ACA1-A63F8E810306}.Debug|Any CPU.ActiveCfg = Debug|Any CPU
		{80DFDBCB-9323-4DA8-ACA1-A63F8E810306}.Debug|Any CPU.Build.0 = Debug|Any CPU
		{80DFDBCB-9323-4DA8-ACA1-A63F8E810306}.Release|Any CPU.ActiveCfg = Release|Any CPU
		{80DFDBCB-9323-4DA8-ACA1-A63F8E810306}.Release|Any CPU.Build.0 = Release|Any CPU
		{06643FCC-EE58-4628-8698-91DF8F530699}.Debug|Any CPU.ActiveCfg = Debug|Any CPU
		{06643FCC-EE58-4628-8698-91DF8F530699}.Debug|Any CPU.Build.0 = Debug|Any CPU
		{06643FCC-EE58-4628-8698-91DF8F530699}.Release|Any CPU.ActiveCfg = Release|Any CPU
		{06643FCC-EE58-4628-8698-91DF8F530699}.Release|Any CPU.Build.0 = Release|Any CPU
	EndGlobalSection
EndGlobal
